
Microsoft Visual Studio Solution File, Format Version 12.00
# Visual Studio Version 16
VisualStudioVersion = 16.0.31205.134
MinimumVisualStudioVersion = 10.0.40219.1
Project("{FAE04EC0-301F-11D3-BF4B-00C04F79EFBC}") = "MVCFaculty", "MVCFaculty.csproj", "{FF2236FA-0657-4178-99A1-BC1038774064}"
EndProject
Global
	GlobalSection(SolutionConfigurationPlatforms) = preSolution
		Debug|Any CPU = Debug|Any CPU
		Release|Any CPU = Release|Any CPU
	EndGlobalSection
	GlobalSection(ProjectConfigurationPlatforms) = postSolution
		{FF2236FA-0657-4178-99A1-BC1038774064}.Debug|Any CPU.ActiveCfg = Debug|Any CPU
		{FF2236FA-0657-4178-99A1-BC1038774064}.Debug|Any CPU.Build.0 = Debug|Any CPU
		{FF2236FA-0657-4178-99A1-BC1038774064}.Release|Any CPU.ActiveCfg = Release|Any CPU
		{FF2236FA-0657-4178-99A1-BC1038774064}.Release|Any CPU.Build.0 = Release|Any CPU
	EndGlobalSection
	GlobalSection(SolutionProperties) = preSolution
		HideSolutionNode = FALSE
	EndGlobalSection
	GlobalSection(ExtensibilityGlobals) = postSolution
		SolutionGuid = {EF67A696-7242-43A6-8002-CEBB971B9DA9}
	EndGlobalSection
EndGlobal
